
Microsoft Visual Studio Solution File, Format Version 12.00
# Visual Studio 15
VisualStudioVersion = 15.0.28307.271
MinimumVisualStudioVersion = 10.0.40219.1
Project("{FAE04EC0-301F-11D3-BF4B-00C04F79EFBC}") = "CSGOToTwitch", "CSGOToTwitch\CSGOToTwitch.csproj", "{51E1ED16-076E-4F2D-8927-30F66CCDF31D}"
EndProject
Global
	GlobalSection(SolutionConfigurationPlatforms) = preSolution
		Debug|Any CPU = Debug|Any CPU
		Release|Any CPU = Release|Any CPU
	EndGlobalSection
	GlobalSection(ProjectConfigurationPlatforms) = postSolution
		{51E1ED16-076E-4F2D-8927-30F66CCDF31D}.Debug|Any CPU.ActiveCfg = Debug|Any CPU
		{51E1ED16-076E-4F2D-8927-30F66CCDF31D}.Debug|Any CPU.Build.0 = Debug|Any CPU
		{51E1ED16-076E-4F2D-8927-30F66CCDF31D}.Release|Any CPU.ActiveCfg = Release|Any CPU
		{51E1ED16-076E-4F2D-8927-30F66CCDF31D}.Release|Any CPU.Build.0 = Release|Any CPU
	EndGlobalSection
	GlobalSection(SolutionProperties) = preSolution
		HideSolutionNode = FALSE
	EndGlobalSection
	GlobalSection(ExtensibilityGlobals) = postSolution
		SolutionGuid = {BEA6C571-B6AA-4E64-BD7A-7A7024C0BC3C}
	EndGlobalSection
EndGlobal
